
Microsoft Visual Studio Solution File, Format Version 12.00
# Visual Studio Version 17
VisualStudioVersion = 17.5.33530.505
MinimumVisualStudioVersion = 10.0.40219.1
Project("{FAE04EC0-301F-11D3-BF4B-00C04F79EFBC}") = "Bigbang-Tourism", "Bigbang-Tourism\Bigbang-Tourism.csproj", "{C1D09F19-3477-4D94-BD8C-7D727D6752E4}"
EndProject
Global
	GlobalSection(SolutionConfigurationPlatforms) = preSolution
		Debug|Any CPU = Debug|Any CPU
		Release|Any CPU = Release|Any CPU
	EndGlobalSection
	GlobalSection(ProjectConfigurationPlatforms) = postSolution
		{C1D09F19-3477-4D94-BD8C-7D727D6752E4}.Debug|Any CPU.ActiveCfg = Debug|Any CPU
		{C1D09F19-3477-4D94-BD8C-7D727D6752E4}.Debug|Any CPU.Build.0 = Debug|Any CPU
		{C1D09F19-3477-4D94-BD8C-7D727D6752E4}.Release|Any CPU.ActiveCfg = Release|Any CPU
		{C1D09F19-3477-4D94-BD8C-7D727D6752E4}.Release|Any CPU.Build.0 = Release|Any CPU
	EndGlobalSection
	GlobalSection(SolutionProperties) = preSolution
		HideSolutionNode = FALSE
	EndGlobalSection
	GlobalSection(ExtensibilityGlobals) = postSolution
		SolutionGuid = {85833759-B974-4EE8-AD5D-45F12E4E344E}
	EndGlobalSection
EndGlobal
